// !$*UTF8*$!
{
	archiveVersion = 1;
	classes = {
	};
	objectVersion = 48;
	objects = {

/* Begin PBXBuildFile section */
		E07A98D22003EFFC00BFF43A /* AppDelegate.swift in Sources */ = {isa = PBXBuildFile; fileRef = E07A98D12003EFFC00BFF43A /* AppDelegate.swift */; };
		E07A98D42003EFFC00BFF43A /* ViewController.swift in Sources */ = {isa = PBXBuildFile; fileRef = E07A98D32003EFFC00BFF43A /* ViewController.swift */; };
		E07A98D72003EFFC00BFF43A /* Main.storyboard in Resources */ = {isa = PBXBuildFile; fileRef = E07A98D52003EFFC00BFF43A /* Main.storyboard */; };
		E07A98D92003EFFC00BFF43A /* Assets.xcassets in Resources */ = {isa = PBXBuildFile; fileRef = E07A98D82003EFFC00BFF43A /* Assets.xcassets */; };
		E07A98DC2003EFFC00BFF43A /* LaunchScreen.storyboard in Resources */ = {isa = PBXBuildFile; fileRef = E07A98DA2003EFFC00BFF43A /* LaunchScreen.storyboard */; };
		E07A98E72003EFFC00BFF43A /* MarvelAppTests.swift in Sources */ = {isa = PBXBuildFile; fileRef = E07A98E62003EFFC00BFF43A /* MarvelAppTests.swift */; };
		E07A98F22003EFFC00BFF43A /* MarvelAppUITests.swift in Sources */ = {isa = PBXBuildFile; fileRef = E07A98F12003EFFC00BFF43A /* MarvelAppUITests.swift */; };
		E07A99012003F2BF00BFF43A /* Service.swift in Sources */ = {isa = PBXBuildFile; fileRef = E07A99002003F2BF00BFF43A /* Service.swift */; };
		E07A99042003F57C00BFF43A /* Characters.swift in Sources */ = {isa = PBXBuildFile; fileRef = E07A99032003F57C00BFF43A /* Characters.swift */; };
		E07A99062003F76900BFF43A /* MarvelAPI.swift in Sources */ = {isa = PBXBuildFile; fileRef = E07A99052003F76900BFF43A /* MarvelAPI.swift */; };
		E07A99092003FD4300BFF43A /* MD5.swift in Sources */ = {isa = PBXBuildFile; fileRef = E07A99082003FD4300BFF43A /* MD5.swift */; };
		E07A991120040D4F00BFF43A /* CharacterDataWrapper.swift in Sources */ = {isa = PBXBuildFile; fileRef = E07A991020040D4F00BFF43A /* CharacterDataWrapper.swift */; };
		E07A99132004238D00BFF43A /* CharacterDataContainer.swift in Sources */ = {isa = PBXBuildFile; fileRef = E07A99122004238D00BFF43A /* CharacterDataContainer.swift */; };
		E07A99152004264A00BFF43A /* DataExtension.swift in Sources */ = {isa = PBXBuildFile; fileRef = E07A99142004264A00BFF43A /* DataExtension.swift */; };
		E07A991E2004630900BFF43A /* CharactersTableViewCell.swift in Sources */ = {isa = PBXBuildFile; fileRef = E07A991C2004630900BFF43A /* CharactersTableViewCell.swift */; };
		E07A992B2004822500BFF43A /* DetailViewController.swift in Sources */ = {isa = PBXBuildFile; fileRef = E07A992A2004822500BFF43A /* DetailViewController.swift */; };
/* End PBXBuildFile section */

/* Begin PBXContainerItemProxy section */
		E07A98E32003EFFC00BFF43A /* PBXContainerItemProxy */ = {
			isa = PBXContainerItemProxy;
			containerPortal = E07A98C62003EFFC00BFF43A /* Project object */;
			proxyType = 1;
			remoteGlobalIDString = E07A98CD2003EFFC00BFF43A;
			remoteInfo = MarvelApp;
		};
		E07A98EE2003EFFC00BFF43A /* PBXContainerItemProxy */ = {
			isa = PBXContainerItemProxy;
			containerPortal = E07A98C62003EFFC00BFF43A /* Project object */;
			proxyType = 1;
			remoteGlobalIDString = E07A98CD2003EFFC00BFF43A;
			remoteInfo = MarvelApp;
		};
/* End PBXContainerItemProxy section */

/* Begin PBXFileReference section */
		E07A98CE2003EFFC00BFF43A /* MarvelApp.app */ = {isa = PBXFileReference; explicitFileType = wrapper.application; includeInIndex = 0; path = MarvelApp.app; sourceTree = BUILT_PRODUCTS_DIR; };
		E07A98D12003EFFC00BFF43A /* AppDelegate.swift */ = {isa = PBXFileReference; lastKnownFileType = sourcecode.swift; path = AppDelegate.swift; sourceTree = "<group>"; };
		E07A98D32003EFFC00BFF43A /* ViewController.swift */ = {isa = PBXFileReference; lastKnownFileType = sourcecode.swift; path = ViewController.swift; sourceTree = "<group>"; };
		E07A98D62003EFFC00BFF43A /* Base */ = {isa = PBXFileReference; lastKnownFileType = file.storyboard; name = Base; path = Base.lproj/Main.storyboard; sourceTree = "<group>"; };
		E07A98D82003EFFC00BFF43A /* Assets.xcassets */ = {isa = PBXFileReference; lastKnownFileType = folder.assetcatalog; path = Assets.xcassets; sourceTree = "<group>"; };
		E07A98DB2003EFFC00BFF43A /* Base */ = {isa = PBXFileReference; lastKnownFileType = file.storyboard; name = Base; path = Base.lproj/LaunchScreen.storyboard; sourceTree = "<group>"; };
		E07A98DD2003EFFC00BFF43A /* Info.plist */ = {isa = PBXFileReference; lastKnownFileType = text.plist.xml; path = Info.plist; sourceTree = "<group>"; };
		E07A98E22003EFFC00BFF43A /* MarvelAppTests.xctest */ = {isa = PBXFileReference; explicitFileType = wrapper.cfbundle; includeInIndex = 0; path = MarvelAppTests.xctest; sourceTree = BUILT_PRODUCTS_DIR; };
		E07A98E62003EFFC00BFF43A /* MarvelAppTests.swift */ = {isa = PBXFileReference; lastKnownFileType = sourcecode.swift; path = MarvelAppTests.swift; sourceTree = "<group>"; };
		E07A98E82003EFFC00BFF43A /* Info.plist */ = {isa = PBXFileReference; lastKnownFileType = text.plist.xml; path = Info.plist; sourceTree = "<group>"; };
		E07A98ED2003EFFC00BFF43A /* MarvelAppUITests.xctest */ = {isa = PBXFileReference; explicitFileType = wrapper.cfbundle; includeInIndex = 0; path = MarvelAppUITests.xctest; sourceTree = BUILT_PRODUCTS_DIR; };
		E07A98F12003EFFC00BFF43A /* MarvelAppUITests.swift */ = {isa = PBXFileReference; lastKnownFileType = sourcecode.swift; path = MarvelAppUITests.swift; sourceTree = "<group>"; };
		E07A98F32003EFFC00BFF43A /* Info.plist */ = {isa = PBXFileReference; lastKnownFileType = text.plist.xml; path = Info.plist; sourceTree = "<group>"; };
		E07A99002003F2BF00BFF43A /* Service.swift */ = {isa = PBXFileReference; lastKnownFileType = sourcecode.swift; path = Service.swift; sourceTree = "<group>"; };
		E07A99032003F57C00BFF43A /* Characters.swift */ = {isa = PBXFileReference; lastKnownFileType = sourcecode.swift; path = Characters.swift; sourceTree = "<group>"; };
		E07A99052003F76900BFF43A /* MarvelAPI.swift */ = {isa = PBXFileReference; lastKnownFileType = sourcecode.swift; path = MarvelAPI.swift; sourceTree = "<group>"; };
		E07A99082003FD4300BFF43A /* MD5.swift */ = {isa = PBXFileReference; lastKnownFileType = sourcecode.swift; path = MD5.swift; sourceTree = "<group>"; };
		E07A990A2003FF4600BFF43A /* MarvelApp-Bridging-Header.h */ = {isa = PBXFileReference; lastKnownFileType = sourcecode.c.h; path = "MarvelApp-Bridging-Header.h"; sourceTree = "<group>"; };
		E07A991020040D4F00BFF43A /* CharacterDataWrapper.swift */ = {isa = PBXFileReference; lastKnownFileType = sourcecode.swift; path = CharacterDataWrapper.swift; sourceTree = "<group>"; };
		E07A99122004238D00BFF43A /* CharacterDataContainer.swift */ = {isa = PBXFileReference; lastKnownFileType = sourcecode.swift; path = CharacterDataContainer.swift; sourceTree = "<group>"; };
		E07A99142004264A00BFF43A /* DataExtension.swift */ = {isa = PBXFileReference; lastKnownFileType = sourcecode.swift; path = DataExtension.swift; sourceTree = "<group>"; };
		E07A991C2004630900BFF43A /* CharactersTableViewCell.swift */ = {isa = PBXFileReference; lastKnownFileType = sourcecode.swift; path = CharactersTableViewCell.swift; sourceTree = "<group>"; };
		E07A992420046D9B00BFF43A /* Marvel-BoldItalic.ttf */ = {isa = PBXFileReference; lastKnownFileType = file; path = "Marvel-BoldItalic.ttf"; sourceTree = "<group>"; };
		E07A992520046D9B00BFF43A /* Marvel-Italic.ttf */ = {isa = PBXFileReference; lastKnownFileType = file; path = "Marvel-Italic.ttf"; sourceTree = "<group>"; };
		E07A992620046D9B00BFF43A /* Marvel-Bold.ttf */ = {isa = PBXFileReference; lastKnownFileType = file; path = "Marvel-Bold.ttf"; sourceTree = "<group>"; };
		E07A992720046D9B00BFF43A /* Marvel-Regular.ttf */ = {isa = PBXFileReference; lastKnownFileType = file; path = "Marvel-Regular.ttf"; sourceTree = "<group>"; };
		E07A992A2004822500BFF43A /* DetailViewController.swift */ = {isa = PBXFileReference; lastKnownFileType = sourcecode.swift; path = DetailViewController.swift; sourceTree = "<group>"; };
/* End PBXFileReference section */

/* Begin PBXFrameworksBuildPhase section */
		E07A98CB2003EFFC00BFF43A /* Frameworks */ = {
			isa = PBXFrameworksBuildPhase;
			buildActionMask = 2147483647;
			files = (
			);
			runOnlyForDeploymentPostprocessing = 0;
		};
		E07A98DF2003EFFC00BFF43A /* Frameworks */ = {
			isa = PBXFrameworksBuildPhase;
			buildActionMask = 2147483647;
			files = (
			);
			runOnlyForDeploymentPostprocessing = 0;
		};
		E07A98EA2003EFFC00BFF43A /* Frameworks */ = {
			isa = PBXFrameworksBuildPhase;
			buildActionMask = 2147483647;
			files = (
			);
			runOnlyForDeploymentPostprocessing = 0;
		};
/* End PBXFrameworksBuildPhase section */

/* Begin PBXGroup section */
		E07A98C52003EFFC00BFF43A = {
			isa = PBXGroup;
			children = (
				E07A98D02003EFFC00BFF43A /* MarvelApp */,
				E07A98E52003EFFC00BFF43A /* MarvelAppTests */,
				E07A98F02003EFFC00BFF43A /* MarvelAppUITests */,
				E07A98CF2003EFFC00BFF43A /* Products */,
			);
			sourceTree = "<group>";
		};
		E07A98CF2003EFFC00BFF43A /* Products */ = {
			isa = PBXGroup;
			children = (
				E07A98CE2003EFFC00BFF43A /* MarvelApp.app */,
				E07A98E22003EFFC00BFF43A /* MarvelAppTests.xctest */,
				E07A98ED2003EFFC00BFF43A /* MarvelAppUITests.xctest */,
			);
			name = Products;
			sourceTree = "<group>";
		};
		E07A98D02003EFFC00BFF43A /* MarvelApp */ = {
			isa = PBXGroup;
			children = (
				E07A9919200462C700BFF43A /* View */,
				E07A98FF2003F26000BFF43A /* Service */,
				E07A99022003F3FD00BFF43A /* Model */,
				E07A99072003FD3000BFF43A /* Support Files */,
				E07A98DA2003EFFC00BFF43A /* LaunchScreen.storyboard */,
				E07A990A2003FF4600BFF43A /* MarvelApp-Bridging-Header.h */,
				E07A98DD2003EFFC00BFF43A /* Info.plist */,
			);
			path = MarvelApp;
			sourceTree = "<group>";
		};
		E07A98E52003EFFC00BFF43A /* MarvelAppTests */ = {
			isa = PBXGroup;
			children = (
				E07A98E62003EFFC00BFF43A /* MarvelAppTests.swift */,
				E07A98E82003EFFC00BFF43A /* Info.plist */,
			);
			path = MarvelAppTests;
			sourceTree = "<group>";
		};
		E07A98F02003EFFC00BFF43A /* MarvelAppUITests */ = {
			isa = PBXGroup;
			children = (
				E07A98F12003EFFC00BFF43A /* MarvelAppUITests.swift */,
				E07A98F32003EFFC00BFF43A /* Info.plist */,
			);
			path = MarvelAppUITests;
			sourceTree = "<group>";
		};
		E07A98FF2003F26000BFF43A /* Service */ = {
			isa = PBXGroup;
			children = (
				E07A99002003F2BF00BFF43A /* Service.swift */,
				E07A99052003F76900BFF43A /* MarvelAPI.swift */,
			);
			path = Service;
			sourceTree = "<group>";
		};
		E07A99022003F3FD00BFF43A /* Model */ = {
			isa = PBXGroup;
			children = (
				E07A99032003F57C00BFF43A /* Characters.swift */,
				E07A991020040D4F00BFF43A /* CharacterDataWrapper.swift */,
				E07A99122004238D00BFF43A /* CharacterDataContainer.swift */,
			);
			path = Model;
			sourceTree = "<group>";
		};
		E07A99072003FD3000BFF43A /* Support Files */ = {
			isa = PBXGroup;
			children = (
				E07A992320046D8900BFF43A /* Fonts */,
				E07A98D82003EFFC00BFF43A /* Assets.xcassets */,
				E07A99082003FD4300BFF43A /* MD5.swift */,
				E07A99142004264A00BFF43A /* DataExtension.swift */,
				E07A98D12003EFFC00BFF43A /* AppDelegate.swift */,
			);
			path = "Support Files";
			sourceTree = "<group>";
		};
		E07A9919200462C700BFF43A /* View */ = {
			isa = PBXGroup;
			children = (
				E07A9929200481E900BFF43A /* ViewControllers */,
				E07A9928200481DE00BFF43A /* Cells */,
				E07A991A200462D500BFF43A /* Storeboards */,
			);
			path = View;
			sourceTree = "<group>";
		};
		E07A991A200462D500BFF43A /* Storeboards */ = {
			isa = PBXGroup;
			children = (
				E07A98D52003EFFC00BFF43A /* Main.storyboard */,
			);
			path = Storeboards;
			sourceTree = "<group>";
		};
		E07A992320046D8900BFF43A /* Fonts */ = {
			isa = PBXGroup;
			children = (
				E07A992620046D9B00BFF43A /* Marvel-Bold.ttf */,
				E07A992420046D9B00BFF43A /* Marvel-BoldItalic.ttf */,
				E07A992520046D9B00BFF43A /* Marvel-Italic.ttf */,
				E07A992720046D9B00BFF43A /* Marvel-Regular.ttf */,
			);
			path = Fonts;
			sourceTree = "<group>";
		};
		E07A9928200481DE00BFF43A /* Cells */ = {
			isa = PBXGroup;
			children = (
				E07A991C2004630900BFF43A /* CharactersTableViewCell.swift */,
			);
			path = Cells;
			sourceTree = "<group>";
		};
		E07A9929200481E900BFF43A /* ViewControllers */ = {
			isa = PBXGroup;
			children = (
				E07A98D32003EFFC00BFF43A /* ViewController.swift */,
				E07A992A2004822500BFF43A /* DetailViewController.swift */,
			);
			path = ViewControllers;
			sourceTree = "<group>";
		};
/* End PBXGroup section */

/* Begin PBXNativeTarget section */
		E07A98CD2003EFFC00BFF43A /* MarvelApp */ = {
			isa = PBXNativeTarget;
			buildConfigurationList = E07A98F62003EFFC00BFF43A /* Build configuration list for PBXNativeTarget "MarvelApp" */;
			buildPhases = (
				E07A98CA2003EFFC00BFF43A /* Sources */,
				E07A98CB2003EFFC00BFF43A /* Frameworks */,
				E07A98CC2003EFFC00BFF43A /* Resources */,
			);
			buildRules = (
			);
			dependencies = (
			);
			name = MarvelApp;
			productName = MarvelApp;
			productReference = E07A98CE2003EFFC00BFF43A /* MarvelApp.app */;
			productType = "com.apple.product-type.application";
		};
		E07A98E12003EFFC00BFF43A /* MarvelAppTests */ = {
			isa = PBXNativeTarget;
			buildConfigurationList = E07A98F92003EFFC00BFF43A /* Build configuration list for PBXNativeTarget "MarvelAppTests" */;
			buildPhases = (
				E07A98DE2003EFFC00BFF43A /* Sources */,
				E07A98DF2003EFFC00BFF43A /* Frameworks */,
				E07A98E02003EFFC00BFF43A /* Resources */,
			);
			buildRules = (
			);
			dependencies = (
				E07A98E42003EFFC00BFF43A /* PBXTargetDependency */,
			);
			name = MarvelAppTests;
			productName = MarvelAppTests;
			productReference = E07A98E22003EFFC00BFF43A /* MarvelAppTests.xctest */;
			productType = "com.apple.product-type.bundle.unit-test";
		};
		E07A98EC2003EFFC00BFF43A /* MarvelAppUITests */ = {
			isa = PBXNativeTarget;
			buildConfigurationList = E07A98FC2003EFFC00BFF43A /* Build configuration list for PBXNativeTarget "MarvelAppUITests" */;
			buildPhases = (
				E07A98E92003EFFC00BFF43A /* Sources */,
				E07A98EA2003EFFC00BFF43A /* Frameworks */,
				E07A98EB2003EFFC00BFF43A /* Resources */,
			);
			buildRules = (
			);
			dependencies = (
				E07A98EF2003EFFC00BFF43A /* PBXTargetDependency */,
			);
			name = MarvelAppUITests;
			productName = MarvelAppUITests;
			productReference = E07A98ED2003EFFC00BFF43A /* MarvelAppUITests.xctest */;
			productType = "com.apple.product-type.bundle.ui-testing";
		};
/* End PBXNativeTarget section */

/* Begin PBXProject section */
		E07A98C62003EFFC00BFF43A /* Project object */ = {
			isa = PBXProject;
			attributes = {
				LastSwiftUpdateCheck = 0920;
				LastUpgradeCheck = 0920;
				ORGANIZATIONNAME = "Renan Trapp";
				TargetAttributes = {
					E07A98CD2003EFFC00BFF43A = {
						CreatedOnToolsVersion = 9.2;
						LastSwiftMigration = 0920;
						ProvisioningStyle = Automatic;
					};
					E07A98E12003EFFC00BFF43A = {
						CreatedOnToolsVersion = 9.2;
						ProvisioningStyle = Automatic;
						TestTargetID = E07A98CD2003EFFC00BFF43A;
					};
					E07A98EC2003EFFC00BFF43A = {
						CreatedOnToolsVersion = 9.2;
						ProvisioningStyle = Automatic;
						TestTargetID = E07A98CD2003EFFC00BFF43A;
					};
				};
			};
			buildConfigurationList = E07A98C92003EFFC00BFF43A /* Build configuration list for PBXProject "MarvelApp" */;
			compatibilityVersion = "Xcode 8.0";
			developmentRegion = en;
			hasScannedForEncodings = 0;
			knownRegions = (
				en,
				Base,
			);
			mainGroup = E07A98C52003EFFC00BFF43A;
			productRefGroup = E07A98CF2003EFFC00BFF43A /* Products */;
			projectDirPath = "";
			projectRoot = "";
			targets = (
				E07A98CD2003EFFC00BFF43A /* MarvelApp */,
				E07A98E12003EFFC00BFF43A /* MarvelAppTests */,
				E07A98EC2003EFFC00BFF43A /* MarvelAppUITests */,
			);
		};
/* End PBXProject section */

/* Begin PBXResourcesBuildPhase section */
		E07A98CC2003EFFC00BFF43A /* Resources */ = {
			isa = PBXResourcesBuildPhase;
			buildActionMask = 2147483647;
			files = (
				E07A98DC2003EFFC00BFF43A /* LaunchScreen.storyboard in Resources */,
				E07A98D92003EFFC00BFF43A /* Assets.xcassets in Resources */,
				E07A98D72003EFFC00BFF43A /* Main.storyboard in Resources */,
			);
			runOnlyForDeploymentPostprocessing = 0;
		};
		E07A98E02003EFFC00BFF43A /* Resources */ = {
			isa = PBXResourcesBuildPhase;
			buildActionMask = 2147483647;
			files = (
			);
			runOnlyForDeploymentPostprocessing = 0;
		};
		E07A98EB2003EFFC00BFF43A /* Resources */ = {
			isa = PBXResourcesBuildPhase;
			buildActionMask = 2147483647;
			files = (
			);
			runOnlyForDeploymentPostprocessing = 0;
		};
/* End PBXResourcesBuildPhase section */

/* Begin PBXSourcesBuildPhase section */
		E07A98CA2003EFFC00BFF43A /* Sources */ = {
			isa = PBXSourcesBuildPhase;
			buildActionMask = 2147483647;
			files = (
				E07A992B2004822500BFF43A /* DetailViewController.swift in Sources */,
				E07A99062003F76900BFF43A /* MarvelAPI.swift in Sources */,
				E07A99132004238D00BFF43A /* CharacterDataContainer.swift in Sources */,
				E07A98D42003EFFC00BFF43A /* ViewController.swift in Sources */,
				E07A991E2004630900BFF43A /* CharactersTableViewCell.swift in Sources */,
				E07A99092003FD4300BFF43A /* MD5.swift in Sources */,
				E07A98D22003EFFC00BFF43A /* AppDelegate.swift in Sources */,
				E07A99012003F2BF00BFF43A /* Service.swift in Sources */,
				E07A991120040D4F00BFF43A /* CharacterDataWrapper.swift in Sources */,
				E07A99152004264A00BFF43A /* DataExtension.swift in Sources */,
				E07A99042003F57C00BFF43A /* Characters.swift in Sources */,
			);
			runOnlyForDeploymentPostprocessing = 0;
		};
		E07A98DE2003EFFC00BFF43A /* Sources */ = {
			isa = PBXSourcesBuildPhase;
			buildActionMask = 2147483647;
			files = (
				E07A98E72003EFFC00BFF43A /* MarvelAppTests.swift in Sources */,
			);
			runOnlyForDeploymentPostprocessing = 0;
		};
		E07A98E92003EFFC00BFF43A /* Sources */ = {
			isa = PBXSourcesBuildPhase;
			buildActionMask = 2147483647;
			files = (
				E07A98F22003EFFC00BFF43A /* MarvelAppUITests.swift in Sources */,
			);
			runOnlyForDeploymentPostprocessing = 0;
		};
/* End PBXSourcesBuildPhase section */

/* Begin PBXTargetDependency section */
		E07A98E42003EFFC00BFF43A /* PBXTargetDependency */ = {
			isa = PBXTargetDependency;
			target = E07A98CD2003EFFC00BFF43A /* MarvelApp */;
			targetProxy = E07A98E32003EFFC00BFF43A /* PBXContainerItemProxy */;
		};
		E07A98EF2003EFFC00BFF43A /* PBXTargetDependency */ = {
			isa = PBXTargetDependency;
			target = E07A98CD2003EFFC00BFF43A /* MarvelApp */;
			targetProxy = E07A98EE2003EFFC00BFF43A /* PBXContainerItemProxy */;
		};
/* End PBXTargetDependency section */

/* Begin PBXVariantGroup section */
		E07A98D52003EFFC00BFF43A /* Main.storyboard */ = {
			isa = PBXVariantGroup;
			children = (
				E07A98D62003EFFC00BFF43A /* Base */,
			);
			name = Main.storyboard;
			sourceTree = "<group>";
		};
		E07A98DA2003EFFC00BFF43A /* LaunchScreen.storyboard */ = {
			isa = PBXVariantGroup;
			children = (
				E07A98DB2003EFFC00BFF43A /* Base */,
			);
			name = LaunchScreen.storyboard;
			sourceTree = "<group>";
		};
/* End PBXVariantGroup section */

/* Begin XCBuildConfiguration section */
		E07A98F42003EFFC00BFF43A /* Debug */ = {
			isa = XCBuildConfiguration;
			buildSettings = {
				ALWAYS_SEARCH_USER_PATHS = NO;
				CLANG_ANALYZER_NONNULL = YES;
				CLANG_ANALYZER_NUMBER_OBJECT_CONVERSION = YES_AGGRESSIVE;
				CLANG_CXX_LANGUAGE_STANDARD = "gnu++14";
				CLANG_CXX_LIBRARY = "libc++";
				CLANG_ENABLE_MODULES = YES;
				CLANG_ENABLE_OBJC_ARC = YES;
				CLANG_WARN_BLOCK_CAPTURE_AUTORELEASING = YES;
				CLANG_WARN_BOOL_CONVERSION = YES;
				CLANG_WARN_COMMA = YES;
				CLANG_WARN_CONSTANT_CONVERSION = YES;
				CLANG_WARN_DIRECT_OBJC_ISA_USAGE = YES_ERROR;
				CLANG_WARN_DOCUMENTATION_COMMENTS = YES;
				CLANG_WARN_EMPTY_BODY = YES;
				CLANG_WARN_ENUM_CONVERSION = YES;
				CLANG_WARN_INFINITE_RECURSION = YES;
				CLANG_WARN_INT_CONVERSION = YES;
				CLANG_WARN_NON_LITERAL_NULL_CONVERSION = YES;
				CLANG_WARN_OBJC_LITERAL_CONVERSION = YES;
				CLANG_WARN_OBJC_ROOT_CLASS = YES_ERROR;
				CLANG_WARN_RANGE_LOOP_ANALYSIS = YES;
				CLANG_WARN_STRICT_PROTOTYPES = YES;
				CLANG_WARN_SUSPICIOUS_MOVE = YES;
				CLANG_WARN_UNGUARDED_AVAILABILITY = YES_AGGRESSIVE;
				CLANG_WARN_UNREACHABLE_CODE = YES;
				CLANG_WARN__DUPLICATE_METHOD_MATCH = YES;
				CODE_SIGN_IDENTITY = "iPhone Developer";
				COPY_PHASE_STRIP = NO;
				DEBUG_INFORMATION_FORMAT = dwarf;
				ENABLE_STRICT_OBJC_MSGSEND = YES;
				ENABLE_TESTABILITY = YES;
				GCC_C_LANGUAGE_STANDARD = gnu11;
				GCC_DYNAMIC_NO_PIC = NO;
				GCC_NO_COMMON_BLOCKS = YES;
				GCC_OPTIMIZATION_LEVEL = 0;
				GCC_PREPROCESSOR_DEFINITIONS = (
					"DEBUG=1",
					"$(inherited)",
				);
				GCC_WARN_64_TO_32_BIT_CONVERSION = YES;
				GCC_WARN_ABOUT_RETURN_TYPE = YES_ERROR;
				GCC_WARN_UNDECLARED_SELECTOR = YES;
				GCC_WARN_UNINITIALIZED_AUTOS = YES_AGGRESSIVE;
				GCC_WARN_UNUSED_FUNCTION = YES;
				GCC_WARN_UNUSED_VARIABLE = YES;
				IPHONEOS_DEPLOYMENT_TARGET = 11.2;
				MTL_ENABLE_DEBUG_INFO = YES;
				ONLY_ACTIVE_ARCH = YES;
				SDKROOT = iphoneos;
				SWIFT_ACTIVE_COMPILATION_CONDITIONS = DEBUG;
				SWIFT_OPTIMIZATION_LEVEL = "-Onone";
			};
			name = Debug;
		};
		E07A98F52003EFFC00BFF43A /* Release */ = {
			isa = XCBuildConfiguration;
			buildSettings = {
				ALWAYS_SEARCH_USER_PATHS = NO;
				CLANG_ANALYZER_NONNULL = YES;
				CLANG_ANALYZER_NUMBER_OBJECT_CONVERSION = YES_AGGRESSIVE;
				CLANG_CXX_LANGUAGE_STANDARD = "gnu++14";
				CLANG_CXX_LIBRARY = "libc++";
				CLANG_ENABLE_MODULES = YES;
				CLANG_ENABLE_OBJC_ARC = YES;
				CLANG_WARN_BLOCK_CAPTURE_AUTORELEASING = YES;
				CLANG_WARN_BOOL_CONVERSION = YES;
				CLANG_WARN_COMMA = YES;
				CLANG_WARN_CONSTANT_CONVERSION = YES;
				CLANG_WARN_DIRECT_OBJC_ISA_USAGE = YES_ERROR;
				CLANG_WARN_DOCUMENTATION_COMMENTS = YES;
				CLANG_WARN_EMPTY_BODY = YES;
				CLANG_WARN_ENUM_CONVERSION = YES;
				CLANG_WARN_INFINITE_RECURSION = YES;
				CLANG_WARN_INT_CONVERSION = YES;
				CLANG_WARN_NON_LITERAL_NULL_CONVERSION = YES;
				CLANG_WARN_OBJC_LITERAL_CONVERSION = YES;
				CLANG_WARN_OBJC_ROOT_CLASS = YES_ERROR;
				CLANG_WARN_RANGE_LOOP_ANALYSIS = YES;
				CLANG_WARN_STRICT_PROTOTYPES = YES;
				CLANG_WARN_SUSPICIOUS_MOVE = YES;
				CLANG_WARN_UNGUARDED_AVAILABILITY = YES_AGGRESSIVE;
				CLANG_WARN_UNREACHABLE_CODE = YES;
				CLANG_WARN__DUPLICATE_METHOD_MATCH = YES;
				CODE_SIGN_IDENTITY = "iPhone Developer";
				COPY_PHASE_STRIP = NO;
				DEBUG_INFORMATION_FORMAT = "dwarf-with-dsym";
				ENABLE_NS_ASSERTIONS = NO;
				ENABLE_STRICT_OBJC_MSGSEND = YES;
				GCC_C_LANGUAGE_STANDARD = gnu11;
				GCC_NO_COMMON_BLOCKS = YES;
				GCC_WARN_64_TO_32_BIT_CONVERSION = YES;
				GCC_WARN_ABOUT_RETURN_TYPE = YES_ERROR;
				GCC_WARN_UNDECLARED_SELECTOR = YES;
				GCC_WARN_UNINITIALIZED_AUTOS = YES_AGGRESSIVE;
				GCC_WARN_UNUSED_FUNCTION = YES;
				GCC_WARN_UNUSED_VARIABLE = YES;
				IPHONEOS_DEPLOYMENT_TARGET = 11.2;
				MTL_ENABLE_DEBUG_INFO = NO;
				SDKROOT = iphoneos;
				SWIFT_OPTIMIZATION_LEVEL = "-Owholemodule";
				VALIDATE_PRODUCT = YES;
			};
			name = Release;
		};
		E07A98F72003EFFC00BFF43A /* Debug */ = {
			isa = XCBuildConfiguration;
			buildSettings = {
				ASSETCATALOG_COMPILER_APPICON_NAME = AppIcon;
				CLANG_ENABLE_MODULES = YES;
				CODE_SIGN_STYLE = Automatic;
				DEVELOPMENT_TEAM = 95WF9DSUCR;
				INFOPLIST_FILE = MarvelApp/Info.plist;
				LD_RUNPATH_SEARCH_PATHS = "$(inherited) @executable_path/Frameworks";
				PRODUCT_BUNDLE_IDENTIFIER = trapprs.MarvelApp;
				PRODUCT_NAME = "$(TARGET_NAME)";
				SWIFT_OBJC_BRIDGING_HEADER = "MarvelApp/MarvelApp-Bridging-Header.h";
				SWIFT_OPTIMIZATION_LEVEL = "-Onone";
				SWIFT_VERSION = 4.0;
				TARGETED_DEVICE_FAMILY = "1,2";
			};
			name = Debug;
		};
		E07A98F82003EFFC00BFF43A /* Release */ = {
			isa = XCBuildConfiguration;
			buildSettings = {
				ASSETCATALOG_COMPILER_APPICON_NAME = AppIcon;
				CLANG_ENABLE_MODULES = YES;
				CODE_SIGN_STYLE = Automatic;
				DEVELOPMENT_TEAM = 95WF9DSUCR;
				INFOPLIST_FILE = MarvelApp/Info.plist;
				LD_RUNPATH_SEARCH_PATHS = "$(inherited) @executable_path/Frameworks";
				PRODUCT_BUNDLE_IDENTIFIER = trapprs.MarvelApp;
				PRODUCT_NAME = "$(TARGET_NAME)";
				SWIFT_OBJC_BRIDGING_HEADER = "MarvelApp/MarvelApp-Bridging-Header.h";
				SWIFT_VERSION = 4.0;
				TARGETED_DEVICE_FAMILY = "1,2";
			};
			name = Release;
		};
		E07A98FA2003EFFC00BFF43A /* Debug */ = {
			isa = XCBuildConfiguration;
			buildSettings = {
				ALWAYS_EMBED_SWIFT_STANDARD_LIBRARIES = YES;
				BUNDLE_LOADER = "$(TEST_HOST)";
				CODE_SIGN_STYLE = Automatic;
				DEVELOPMENT_TEAM = 95WF9DSUCR;
				INFOPLIST_FILE = MarvelAppTests/Info.plist;
				LD_RUNPATH_SEARCH_PATHS = "$(inherited) @executable_path/Frameworks @loader_path/Frameworks";
				PRODUCT_BUNDLE_IDENTIFIER = trapprs.MarvelAppTests;
				PRODUCT_NAME = "$(TARGET_NAME)";
				SWIFT_VERSION = 4.0;
				TARGETED_DEVICE_FAMILY = "1,2";
				TEST_HOST = "$(BUILT_PRODUCTS_DIR)/MarvelApp.app/MarvelApp";
			};
			name = Debug;
		};
		E07A98FB2003EFFC00BFF43A /* Release */ = {
			isa = XCBuildConfiguration;
			buildSettings = {
				ALWAYS_EMBED_SWIFT_STANDARD_LIBRARIES = YES;
				BUNDLE_LOADER = "$(TEST_HOST)";
				CODE_SIGN_STYLE = Automatic;
				DEVELOPMENT_TEAM = 95WF9DSUCR;
				INFOPLIST_FILE = MarvelAppTests/Info.plist;
				LD_RUNPATH_SEARCH_PATHS = "$(inherited) @executable_path/Frameworks @loader_path/Frameworks";
				PRODUCT_BUNDLE_IDENTIFIER = trapprs.MarvelAppTests;
				PRODUCT_NAME = "$(TARGET_NAME)";
				SWIFT_VERSION = 4.0;
				TARGETED_DEVICE_FAMILY = "1,2";
				TEST_HOST = "$(BUILT_PRODUCTS_DIR)/MarvelApp.app/MarvelApp";
			};
			name = Release;
		};
		E07A98FD2003EFFC00BFF43A /* Debug */ = {
			isa = XCBuildConfiguration;
			buildSettings = {
				ALWAYS_EMBED_SWIFT_STANDARD_LIBRARIES = YES;
				CODE_SIGN_STYLE = Automatic;
				DEVELOPMENT_TEAM = 95WF9DSUCR;
				INFOPLIST_FILE = MarvelAppUITests/Info.plist;
				LD_RUNPATH_SEARCH_PATHS = "$(inherited) @executable_path/Frameworks @loader_path/Frameworks";
				PRODUCT_BUNDLE_IDENTIFIER = trapprs.MarvelAppUITests;
				PRODUCT_NAME = "$(TARGET_NAME)";
				SWIFT_VERSION = 4.0;
				TARGETED_DEVICE_FAMILY = "1,2";
				TEST_TARGET_NAME = MarvelApp;
			};
			name = Debug;
		};
		E07A98FE2003EFFC00BFF43A /* Release */ = {
			isa = XCBuildConfiguration;
			buildSettings = {
				ALWAYS_EMBED_SWIFT_STANDARD_LIBRARIES = YES;
				CODE_SIGN_STYLE = Automatic;
				DEVELOPMENT_TEAM = 95WF9DSUCR;
				INFOPLIST_FILE = MarvelAppUITests/Info.plist;
				LD_RUNPATH_SEARCH_PATHS = "$(inherited) @executable_path/Frameworks @loader_path/Frameworks";
				PRODUCT_BUNDLE_IDENTIFIER = trapprs.MarvelAppUITests;
				PRODUCT_NAME = "$(TARGET_NAME)";
				SWIFT_VERSION = 4.0;
				TARGETED_DEVICE_FAMILY = "1,2";
				TEST_TARGET_NAME = MarvelApp;
			};
			name = Release;
		};
/* End XCBuildConfiguration section */

/* Begin XCConfigurationList section */
		E07A98C92003EFFC00BFF43A /* Build configuration list for PBXProject "MarvelApp" */ = {
			isa = XCConfigurationList;
			buildConfigurations = (
				E07A98F42003EFFC00BFF43A /* Debug */,
				E07A98F52003EFFC00BFF43A /* Release */,
			);
			defaultConfigurationIsVisible = 0;
			defaultConfigurationName = Release;
		};
		E07A98F62003EFFC00BFF43A /* Build configuration list for PBXNativeTarget "MarvelApp" */ = {
			isa = XCConfigurationList;
			buildConfigurations = (
				E07A98F72003EFFC00BFF43A /* Debug */,
				E07A98F82003EFFC00BFF43A /* Release */,
			);
			defaultConfigurationIsVisible = 0;
			defaultConfigurationName = Release;
		};
		E07A98F92003EFFC00BFF43A /* Build configuration list for PBXNativeTarget "MarvelAppTests" */ = {
			isa = XCConfigurationList;
			buildConfigurations = (
				E07A98FA2003EFFC00BFF43A /* Debug */,
				E07A98FB2003EFFC00BFF43A /* Release */,
			);
			defaultConfigurationIsVisible = 0;
			defaultConfigurationName = Release;
		};
		E07A98FC2003EFFC00BFF43A /* Build configuration list for PBXNativeTarget "MarvelAppUITests" */ = {
			isa = XCConfigurationList;
			buildConfigurations = (
				E07A98FD2003EFFC00BFF43A /* Debug */,
				E07A98FE2003EFFC00BFF43A /* Release */,
			);
			defaultConfigurationIsVisible = 0;
			defaultConfigurationName = Release;
		};
/* End XCConfigurationList section */
	};
	rootObject = E07A98C62003EFFC00BFF43A /* Project object */;
}
